hash: 6a0a130708f2016852df8585f50417d3396421a9c8854f35f59b6a524f079597
updated: 2017-04-25T11:38:02.17820093+05:30
imports:
- name: github.com/asaskevich/govalidator
  version: 7b3beb6df3c42abd3509abfc3bcacc0fbfb7c877
- name: github.com/blang/semver
  version: b38d23b8782a487059e8fc8773e9a5b228a77cb6
- name: github.com/cpuguy83/go-md2man
  version: a65d4d2de4d5f7c74868dfa9b202a3c8be315aaa
  subpackages:
  - md2man
- name: github.com/DATA-DOG/godog
  version: c3f5ce27930fff8efffaaf0acab7f24d5deecdbc
  subpackages:
  - colors
  - gherkin
- name: github.com/docker/docker
  version: a8a31eff10544860d2188dddabdee4d727545796
  subpackages:
  - pkg/term
- name: github.com/docker/go-units
  version: 0bbddae09c5a5419a8c6dcdd7ff90da3d450393b
- name: github.com/docker/machine
  version: 15fd4c70403bab784d91031af02d9e169ce66412
  subpackages:
  - commands/mcndirs
  - drivers/errdriver
  - drivers/fakedriver
  - drivers/hyperv
  - drivers/none
  - drivers/virtualbox
  - drivers/vmwarefusion
  - libmachine
  - libmachine/auth
  - libmachine/cert
  - libmachine/check
  - libmachine/drivers
  - libmachine/drivers/plugin
  - libmachine/drivers/plugin/localbinary
  - libmachine/drivers/rpc
  - libmachine/engine
  - libmachine/host
  - libmachine/log
  - libmachine/mcndockerclient
  - libmachine/mcnerror
  - libmachine/mcnflag
  - libmachine/mcnutils
  - libmachine/persist
  - libmachine/provision
  - libmachine/provision/pkgaction
  - libmachine/provision/provisiontest
  - libmachine/provision/serviceaction
  - libmachine/shell
  - libmachine/ssh
  - libmachine/state
  - libmachine/swarm
  - libmachine/version
  - libmachine/versioncmp
  - version
- name: github.com/fsnotify/fsnotify
  version: 4da3e2cfbabc9f751898f250b49f2439785783a1
- name: github.com/golang/glog
  version: 335da9dda11408a34b64344f82e9c03779b71673
  repo: https://github.com/openshift/glog.git
  vcs: git
- name: github.com/golang/protobuf
  version: 3c84672111d91bb5ac31719e112f9f7126a0e26e
  subpackages:
  - proto
- name: github.com/google/go-github
  version: 30a21ee1a3839fb4a408efe331f226b73faac379
  subpackages:
  - github
- name: github.com/google/go-querystring
  version: 30f7a39f4a218feb5325f3aebc60c32a572a8274
  subpackages:
  - query
- name: github.com/hashicorp/hcl
  version: 7fa7fff964d035e8a162cce3a164b3ad02ad651b
  subpackages:
  - hcl/ast
  - hcl/parser
  - hcl/scanner
  - hcl/strconv
  - hcl/token
  - json/parser
  - json/scanner
  - json/token
- name: github.com/inconshreveable/go-update
  version: 8152e7eb6ccf8679a64582a66b78519688d156ad
  subpackages:
  - internal/binarydist
  - internal/osext
- name: github.com/inconshreveable/mousetrap
  version: 76626ae9c91c4f2a10f34cad8ce83ea42c93bb75
- name: github.com/jteeuwen/go-bindata
  version: bbd0c6e271208dce66d8fda4bc536453cd27fc4a
- name: github.com/kardianos/osext
  version: 9d302b58e975387d0b4d9be876622c86cefe64be
- name: github.com/magiconair/properties
  version: 51463bfca2576e06c62a8504b5c0f06d61312647
- name: github.com/mattn/go-runewidth
  version: 14207d285c6c197daabb5c9793d63e7af9ab2d50
- name: github.com/mitchellh/mapstructure
  version: db1efb556f84b25a0a13a04aad883943538ad2e0
- name: github.com/olekukonko/tablewriter
  version: febf2d34b54a69ce7530036c7503b1c9fbfdf0bb
- name: github.com/pborman/uuid
  version: 1b00554d822231195d1babd97ff4a781231955c9
- name: github.com/pelletier/go-buffruneio
  version: c37440a7cf42ac63b919c752ca73a85067e05992
- name: github.com/pelletier/go-toml
  version: fe206efb84b2bc8e8cfafe6b4c1826622be969e3
- name: github.com/pkg/browser
  version: 8189194c9f158043d6d45a0b939a47a924ea4b13
- name: github.com/pkg/errors
  version: 645ef00459ed84a119197bfb8d8205042c6df63d
- name: github.com/russross/blackfriday
  version: b253417e1cb644d645a0a3bb1fa5034c8030127c
- name: github.com/samalba/dockerclient
  version: f661dd4754aa5c52da85d04b5871ee0e11f4b59c
- name: github.com/shurcooL/sanitized_anchor_name
  version: 79c90efaf01eddc01945af5bc1797859189b830b
- name: github.com/spf13/afero
  version: 9be650865eab0c12963d8753212f4f9c66cdcf12
  subpackages:
  - mem
- name: github.com/spf13/cast
  version: acbeb36b902d72a7a4c18e8f3241075e7ab763e4
- name: github.com/spf13/cobra
  version: f4f10f6873175e78bb1503da7e78c260a7f3ef63
  subpackages:
  - doc
- name: github.com/spf13/jwalterweatherman
  version: fa7ca7e836cf3a8bb4ebf799f472c12d7e903d66
- name: github.com/spf13/pflag
  version: 2300d0f8576fe575f71aaa5b9bbe4e1b0dc2eb51
- name: github.com/spf13/viper
  version: 382f87b929b84ce13e9c8a375a4b217f224e6c65
- name: github.com/xeipuuv/gojsonschema
  version: 20fdae500baa62c0de724a741df80b695c8ac756
- name: golang.org/x/crypto
  version: beef0f4390813b96e8e68fd78570396d0f4751fc
  subpackages:
  - curve25519
  - ssh
  - ssh/terminal
- name: golang.org/x/net
  version: 4f2fc6c1e69d41baf187332ee08fbd2b296f21ed
  subpackages:
  - context
  - context/ctxhttp
- name: golang.org/x/oauth2
  version: 442624c9ec9243441e83b374a9e22ac549b5c51d
  subpackages:
  - internal
- name: golang.org/x/sys
  version: d9157a9621b69ad1d8d77a1933590c416593f24f
  subpackages:
  - unix
  - windows/registry
- name: golang.org/x/text
  version: a9a820217f98f7c8a207ec1e45a874e1fe12c478
  subpackages:
  - transform
  - unicode/norm
- name: google.golang.org/appengine
  version: 6a436539be38c296a8075a871cc536686b458371
  subpackages:
  - internal
  - internal/app_identity
  - internal/base
  - internal/datastore
  - internal/log
  - internal/modules
  - internal/remote_api
  - internal/urlfetch
  - urlfetch
- name: gopkg.in/cheggaaa/pb.v1
  version: b6229822fa186496fcbf34111237e7a9693c6971
- name: gopkg.in/yaml.v2
  version: cd8b52f8269e0feb286dfeef29f8fe4d5b397e0b
testImports: []
