hash: 4dcea7e59c722447b3db8e60b4f19e1f7fe3929efe20277bc097f04919a39661
updated: 2017-09-15T11:47:18.585986969+02:00
imports:
- name: github.com/asaskevich/govalidator
  version: 7b3beb6df3c42abd3509abfc3bcacc0fbfb7c877
- name: github.com/blang/semver
  version: b38d23b8782a487059e8fc8773e9a5b228a77cb6
- name: github.com/cpuguy83/go-md2man
  version: bcc0a711c5e6bbe72c7cb13d81c7109b45267fd2
  subpackages:
  - md2man
- name: github.com/DATA-DOG/godog
  version: 4dc98b0e2b130c3c9d06868a050320e5b310d3e7
  subpackages:
  - colors
  - gherkin
- name: github.com/docker/docker
  version: a8a31eff10544860d2188dddabdee4d727545796
  subpackages:
  - pkg/term
- name: github.com/docker/go-units
  version: 0bbddae09c5a5419a8c6dcdd7ff90da3d450393b
- name: github.com/docker/machine
  version: 5b274558ea6ca822c06dd407a4e774a0105c3f60
  subpackages:
  - commands/mcndirs
  - drivers/errdriver
  - drivers/fakedriver
  - drivers/hyperv
  - drivers/none
  - drivers/virtualbox
  - drivers/vmwarefusion
  - libmachine
  - libmachine/auth
  - libmachine/cert
  - libmachine/check
  - libmachine/drivers
  - libmachine/drivers/plugin
  - libmachine/drivers/plugin/localbinary
  - libmachine/drivers/rpc
  - libmachine/engine
  - libmachine/host
  - libmachine/log
  - libmachine/mcndockerclient
  - libmachine/mcnerror
  - libmachine/mcnflag
  - libmachine/mcnutils
  - libmachine/persist
  - libmachine/provision
  - libmachine/provision/pkgaction
  - libmachine/provision/provisiontest
  - libmachine/provision/serviceaction
  - libmachine/shell
  - libmachine/ssh
  - libmachine/state
  - libmachine/swarm
  - libmachine/version
  - libmachine/versioncmp
  - version
- name: github.com/elazarl/goproxy
  version: aacba83f36a55ac31cbb71c06547a328c0cd1604
- name: github.com/fsnotify/fsnotify
  version: 4da3e2cfbabc9f751898f250b49f2439785783a1
- name: github.com/golang/glog
  version: 335da9dda11408a34b64344f82e9c03779b71673
  repo: https://github.com/openshift/glog.git
  vcs: git
- name: github.com/golang/protobuf
  version: 3c84672111d91bb5ac31719e112f9f7126a0e26e
  subpackages:
  - proto
- name: github.com/google/go-github
  version: 30a21ee1a3839fb4a408efe331f226b73faac379
  subpackages:
  - github
- name: github.com/google/go-querystring
  version: 30f7a39f4a218feb5325f3aebc60c32a572a8274
  subpackages:
  - query
- name: github.com/gorillalabs/go-powershell
  version: 3bc7a60b1df80a5766820c4a53d59668f4553f75
  subpackages:
  - backend
  - utils
- name: github.com/hashicorp/hcl
  version: 392dba7d905ed5d04a5794ba89f558b27e2ba1ca
  subpackages:
  - hcl/ast
  - hcl/parser
  - hcl/scanner
  - hcl/strconv
  - hcl/token
  - json/parser
  - json/scanner
  - json/token
- name: github.com/inconshreveable/go-update
  version: 8152e7eb6ccf8679a64582a66b78519688d156ad
  subpackages:
  - internal/binarydist
  - internal/osext
- name: github.com/inconshreveable/mousetrap
  version: 76626ae9c91c4f2a10f34cad8ce83ea42c93bb75
- name: github.com/jteeuwen/go-bindata
  version: bbd0c6e271208dce66d8fda4bc536453cd27fc4a
- name: github.com/juju/errors
  version: c7d06af17c68cd34c835053720b21f6549d9b0ee
- name: github.com/gbraad/go-hvkvp
  version: a692e030379b6de28a10b7697decdf8109899f6e
- name: github.com/kardianos/osext
  version: ae77be60afb1dcacde03767a8c37337fad28ac14
- name: github.com/magiconair/properties
  version: 51463bfca2576e06c62a8504b5c0f06d61312647
- name: github.com/mattn/go-runewidth
  version: 97311d9f7767e3d6f422ea06661bc2c7a19e8a5d
- name: github.com/mitchellh/mapstructure
  version: db1efb556f84b25a0a13a04aad883943538ad2e0
- name: github.com/olekukonko/tablewriter
  version: febf2d34b54a69ce7530036c7503b1c9fbfdf0bb
- name: github.com/pborman/uuid
  version: 1b00554d822231195d1babd97ff4a781231955c9
- name: github.com/pelletier/go-buffruneio
  version: c37440a7cf42ac63b919c752ca73a85067e05992
- name: github.com/pelletier/go-toml
  version: 048765b4491bcff26505dfbb8a7b920133a19fd2
- name: github.com/pkg/browser
  version: c90ca0c84f15f81c982e32665bffd8d7aac8f097
- name: github.com/pkg/errors
  version: 645ef00459ed84a119197bfb8d8205042c6df63d
- name: github.com/russross/blackfriday
  version: 0ba0f2b6ed7c475a92e4df8641825cb7a11d1fa3
- name: github.com/samalba/dockerclient
  version: f661dd4754aa5c52da85d04b5871ee0e11f4b59c
- name: github.com/spf13/afero
  version: 9be650865eab0c12963d8753212f4f9c66cdcf12
  subpackages:
  - mem
- name: github.com/spf13/cast
  version: acbeb36b902d72a7a4c18e8f3241075e7ab763e4
- name: github.com/spf13/cobra
  version: e606913c4ee45fec232e67e70105fb6c866b95d9
  subpackages:
  - doc
- name: github.com/spf13/jwalterweatherman
  version: 0efa5202c04663c757d84f90f5219c1250baf94f
- name: github.com/spf13/pflag
  version: e57e3eeb33f795204c1ca35f56c44f83227c6e66
- name: github.com/spf13/viper
  version: 382f87b929b84ce13e9c8a375a4b217f224e6c65
- name: github.com/xeipuuv/gojsonschema
  version: 0c8571ac0ce161a5feb57375a9cdf148c98c0f70
- name: golang.org/x/crypto
  version: beef0f4390813b96e8e68fd78570396d0f4751fc
  subpackages:
  - curve25519
  - ssh
  - ssh/terminal
- name: golang.org/x/net
  version: 4f2fc6c1e69d41baf187332ee08fbd2b296f21ed
  subpackages:
  - context
  - context/ctxhttp
- name: golang.org/x/oauth2
  version: 442624c9ec9243441e83b374a9e22ac549b5c51d
  subpackages:
  - internal
- name: golang.org/x/sys
  version: d9157a9621b69ad1d8d77a1933590c416593f24f
  subpackages:
  - unix
  - windows/registry
- name: golang.org/x/text
  version: 19e51611da83d6be54ddafce4a4af510cb3e9ea4
  subpackages:
  - transform
  - unicode/norm
- name: google.golang.org/appengine
  version: 6a436539be38c296a8075a871cc536686b458371
  subpackages:
  - internal
  - internal/app_identity
  - internal/base
  - internal/datastore
  - internal/log
  - internal/modules
  - internal/remote_api
  - internal/urlfetch
  - urlfetch
- name: gopkg.in/cheggaaa/pb.v1
  version: b6229822fa186496fcbf34111237e7a9693c6971
- name: gopkg.in/yaml.v2
  version: cd8b52f8269e0feb286dfeef29f8fe4d5b397e0b
testImports: []
