# This file is autogenerated, do not edit; changes may be undone by the next 'dep ensure'.


[[projects]]
  branch = "master"
  name = "github.com/Azure/go-ansiterm"
  packages = [".","winterm"]
  revision = "d6e3b3328b783f23731bc4d058875b0371ff8109"

[[projects]]
  name = "github.com/BurntSushi/toml"
  packages = ["."]
  revision = "b26d9c308763d68093482582cea63d69be07a0f0"
  version = "v0.3.0"

[[projects]]
  name = "github.com/DATA-DOG/godog"
  packages = [".","colors","gherkin"]
  revision = "4dc98b0e2b130c3c9d06868a050320e5b310d3e7"
  version = "v0.7.4"

[[projects]]
  name = "github.com/Microsoft/go-winio"
  packages = [".","archive/tar","backuptar"]
  revision = "7da180ee92d8bd8bb8c37fc560e673e6557c392f"
  version = "v0.4.7"

[[projects]]
  name = "github.com/Microsoft/hcsshim"
  packages = ["."]
  revision = "45ef15484298b76abeb9513ea0ea0abd2b5b84b3"
  version = "v0.6.8"

[[projects]]
  name = "github.com/asaskevich/govalidator"
  packages = ["."]
  revision = "7b3beb6df3c42abd3509abfc3bcacc0fbfb7c877"
  version = "v5"

[[projects]]
  name = "github.com/blang/semver"
  packages = ["."]
  revision = "b38d23b8782a487059e8fc8773e9a5b228a77cb6"
  version = "v3.5.0"

[[projects]]
  name = "github.com/containers/image"
  packages = ["copy","directory","directory/explicitfilepath","docker","docker/archive","docker/daemon","docker/policyconfiguration","docker/reference","docker/tarfile","image","internal/tmpdir","manifest","oci/archive","oci/internal","oci/layout","openshift","ostree","pkg/compression","pkg/docker/config","pkg/strslice","pkg/tlsclientconfig","signature","storage","tarball","transports","transports/alltransports","types","version"]
  revision = "8b24210344a448e58be6ed53636e2eacaa30be32"

[[projects]]
  branch = "master"
  name = "github.com/containers/storage"
  packages = [".","drivers","drivers/aufs","drivers/btrfs","drivers/devmapper","drivers/overlay","drivers/overlayutils","drivers/quota","drivers/register","drivers/vfs","drivers/windows","drivers/zfs","pkg/archive","pkg/chrootarchive","pkg/devicemapper","pkg/directory","pkg/dmesg","pkg/fileutils","pkg/fsutils","pkg/homedir","pkg/idtools","pkg/ioutils","pkg/locker","pkg/longpath","pkg/loopback","pkg/mount","pkg/parsers","pkg/parsers/kernel","pkg/pools","pkg/promise","pkg/reexec","pkg/stringid","pkg/system","pkg/truncindex"]
  revision = "477e551dd493e5c80999d3690d3a201fd26ba2f1"

[[projects]]
  name = "github.com/cpuguy83/go-md2man"
  packages = ["md2man"]
  revision = "20f5889cbdc3c73dbd2862796665e7c465ade7d1"
  version = "v1.0.8"

[[projects]]
  name = "github.com/davecgh/go-spew"
  packages = ["spew"]
  revision = "346938d642f2ec3594ed81d874461961cd0faa76"
  version = "v1.1.0"

[[projects]]
  name = "github.com/docker/distribution"
  packages = [".","digestset","reference","registry/api/errcode","registry/api/v2","registry/client","registry/client/auth/challenge","registry/client/transport","registry/storage/cache","registry/storage/cache/memory"]
  revision = "5f6282db7d65e6d72ad7c2cc66310724a57be716"

[[projects]]
  name = "github.com/docker/docker"
  packages = ["api","api/types","api/types/blkiodev","api/types/container","api/types/events","api/types/filters","api/types/image","api/types/mount","api/types/network","api/types/registry","api/types/strslice","api/types/swarm","api/types/swarm/runtime","api/types/time","api/types/versions","api/types/volume","client","pkg/homedir","pkg/idtools","pkg/ioutils","pkg/longpath","pkg/mount","pkg/system","pkg/term","pkg/term/windows","pkg/tlsconfig"]
  revision = "30eb4d8cdc422b023d5f11f29a82ecb73554183b"

[[projects]]
  name = "github.com/docker/docker-credential-helpers"
  packages = ["client","credentials"]
  revision = "d68f9aeca33f5fd3f08eeae5e9d175edf4e731d1"
  version = "v0.6.0"

[[projects]]
  name = "github.com/docker/go-connections"
  packages = ["nat","sockets","tlsconfig"]
  revision = "3ede32e2033de7505e6500d6c868c2b9ed9f169d"
  version = "v0.3.0"

[[projects]]
  name = "github.com/docker/go-units"
  packages = ["."]
  revision = "0bbddae09c5a5419a8c6dcdd7ff90da3d450393b"

[[projects]]
  branch = "master"
  name = "github.com/docker/libtrust"
  packages = ["."]
  revision = "aabc10ec26b754e797f9028f4589c5b7bd90dc20"

[[projects]]
  name = "github.com/docker/machine"
  packages = ["commands/mcndirs","drivers/errdriver","drivers/fakedriver","drivers/hyperv","drivers/none","drivers/virtualbox","drivers/vmwarefusion","libmachine","libmachine/auth","libmachine/cert","libmachine/check","libmachine/drivers","libmachine/drivers/plugin","libmachine/drivers/plugin/localbinary","libmachine/drivers/rpc","libmachine/engine","libmachine/host","libmachine/log","libmachine/mcndockerclient","libmachine/mcnerror","libmachine/mcnflag","libmachine/mcnutils","libmachine/persist","libmachine/provision","libmachine/provision/pkgaction","libmachine/provision/provisiontest","libmachine/provision/serviceaction","libmachine/shell","libmachine/ssh","libmachine/state","libmachine/swarm","libmachine/version","libmachine/versioncmp","version"]
  revision = "9ba6da9ebd1140b65eb73e1ce08086ca72764c60"
  version = "v0.13.0"

[[projects]]
  name = "github.com/elazarl/goproxy"
  packages = ["."]
  revision = "aacba83f36a55ac31cbb71c06547a328c0cd1604"

[[projects]]
  name = "github.com/fsnotify/fsnotify"
  packages = ["."]
  revision = "c2828203cd70a50dcccfb2761f8b1f8ceef9a8e9"
  version = "v1.4.7"

[[projects]]
  name = "github.com/gbraad/go-hvkvp"
  packages = ["."]
  revision = "a692e030379b6de28a10b7697decdf8109899f6e"
  version = "0.3"

[[projects]]
  name = "github.com/ghodss/yaml"
  packages = ["."]
  revision = "0ca9ea5df5451ffdf184b4428c902747c2c11cd7"
  version = "v1.0.0"

[[projects]]
  name = "github.com/gogo/protobuf"
  packages = ["proto"]
  revision = "1adfc126b41513cc696b209667c8656ea7aac67c"
  version = "v1.0.0"

[[projects]]
  name = "github.com/golang/glog"
  packages = ["."]
  revision = "335da9dda11408a34b64344f82e9c03779b71673"
  source = "https://github.com/openshift/glog.git"

[[projects]]
  name = "github.com/golang/protobuf"
  packages = ["proto"]
  revision = "925541529c1fa6821df4e44ce2723319eb2be768"
  version = "v1.0.0"

[[projects]]
  name = "github.com/google/go-github"
  packages = ["github"]
  revision = "30a21ee1a3839fb4a408efe331f226b73faac379"

[[projects]]
  branch = "master"
  name = "github.com/google/go-querystring"
  packages = ["query"]
  revision = "53e6ce116135b80d037921a7fdd5138cf32d7a8a"

[[projects]]
  name = "github.com/gorilla/context"
  packages = ["."]
  revision = "1ea25387ff6f684839d82767c1733ff4d4d15d0a"
  version = "v1.1"

[[projects]]
  name = "github.com/gorilla/mux"
  packages = ["."]
  revision = "53c1911da2b537f792e7cafcb446b05ffe33b996"
  version = "v1.6.1"

[[projects]]
  name = "github.com/gorillalabs/go-powershell"
  packages = [".","backend","utils"]
  revision = "3bc7a60b1df80a5766820c4a53d59668f4553f75"

[[projects]]
  branch = "master"
  name = "github.com/hashicorp/hcl"
  packages = [".","hcl/ast","hcl/parser","hcl/scanner","hcl/strconv","hcl/token","json/parser","json/scanner","json/token"]
  revision = "23c074d0eceb2b8a5bfdbb271ab780cde70f05a8"

[[projects]]
  name = "github.com/imdario/mergo"
  packages = ["."]
  revision = "163f41321a19dd09362d4c63cc2489db2015f1f4"
  version = "0.3.2"

[[projects]]
  name = "github.com/inconshreveable/go-update"
  packages = [".","internal/binarydist","internal/osext"]
  revision = "8152e7eb6ccf8679a64582a66b78519688d156ad"

[[projects]]
  name = "github.com/inconshreveable/mousetrap"
  packages = ["."]
  revision = "76626ae9c91c4f2a10f34cad8ce83ea42c93bb75"
  version = "v1.0"

[[projects]]
  branch = "master"
  name = "github.com/juju/errors"
  packages = ["."]
  revision = "c7d06af17c68cd34c835053720b21f6549d9b0ee"

[[projects]]
  name = "github.com/kardianos/osext"
  packages = ["."]
  revision = "ae77be60afb1dcacde03767a8c37337fad28ac14"

[[projects]]
  branch = "master"
  name = "github.com/kr/fs"
  packages = ["."]
  revision = "2788f0dbd16903de03cb8186e5c7d97b69ad387b"

[[projects]]
  name = "github.com/magiconair/properties"
  packages = ["."]
  revision = "c3beff4c2358b44d0493c7dda585e7db7ff28ae6"
  version = "v1.7.6"

[[projects]]
  name = "github.com/mattn/go-runewidth"
  packages = ["."]
  revision = "9e777a8366cce605130a531d2cd6363d07ad7317"
  version = "v0.0.2"

[[projects]]
  name = "github.com/mattn/go-shellwords"
  packages = ["."]
  revision = "02e3cf038dcea8290e44424da473dd12be796a8a"
  version = "v1.0.3"

[[projects]]
  name = "github.com/mistifyio/go-zfs"
  packages = ["."]
  revision = "cdc0f941c4d0e0e94d85348285568d921891e138"
  version = "v2.1.1"

[[projects]]
  branch = "master"
  name = "github.com/mitchellh/mapstructure"
  packages = ["."]
  revision = "00c29f56e2386353d58c599509e8dc3801b0d716"

[[projects]]
  branch = "master"
  name = "github.com/mtrmac/gpgme"
  packages = ["."]
  revision = "b2432428689ca58c2b8e8dea9449d3295cf96fc9"

[[projects]]
  name = "github.com/olekukonko/tablewriter"
  packages = ["."]
  revision = "febf2d34b54a69ce7530036c7503b1c9fbfdf0bb"

[[projects]]
  name = "github.com/opencontainers/go-digest"
  packages = ["."]
  revision = "279bed98673dd5bef374d3b6e4b09e2af76183bf"
  version = "v1.0.0-rc1"

[[projects]]
  name = "github.com/opencontainers/image-spec"
  packages = ["specs-go","specs-go/v1"]
  revision = "d60099175f88c47cd379c4738d158884749ed235"
  version = "v1.0.1"

[[projects]]
  name = "github.com/opencontainers/runc"
  packages = ["libcontainer/system","libcontainer/user"]
  revision = "baf6536d6259209c3edfa2b22237af82942d3dfa"
  version = "v0.1.1"

[[projects]]
  name = "github.com/opencontainers/selinux"
  packages = ["go-selinux","go-selinux/label"]
  revision = "ba1aefe8057f1d0cfb8e88d0ec1dc85925ef987d"
  version = "v1.0.0-rc1"

[[projects]]
  branch = "master"
  name = "github.com/ostreedev/ostree-go"
  packages = ["pkg/glibobject","pkg/otbuiltin"]
  revision = "cb6250d5a6a240b509609915842f763fd87b819d"

[[projects]]
  name = "github.com/pborman/uuid"
  packages = ["."]
  revision = "1b00554d822231195d1babd97ff4a781231955c9"

[[projects]]
  name = "github.com/pelletier/go-toml"
  packages = ["."]
  revision = "acdc4509485b587f5e675510c4f2c63e90ff68a8"
  version = "v1.1.0"

[[projects]]
  name = "github.com/pkg/browser"
  packages = ["."]
  revision = "c90ca0c84f15f81c982e32665bffd8d7aac8f097"

[[projects]]
  name = "github.com/pkg/errors"
  packages = ["."]
  revision = "645ef00459ed84a119197bfb8d8205042c6df63d"
  version = "v0.8.0"

[[projects]]
  name = "github.com/pkg/sftp"
  packages = ["."]
  revision = "0159c83e42a88e5c35180f73b84298a6bdde1ec1"
  version = "1.4.0"

[[projects]]
  name = "github.com/pmezard/go-difflib"
  packages = ["difflib"]
  revision = "792786c7400a136282c1664665ae0a8db921c6c2"
  version = "v1.0.0"

[[projects]]
  branch = "master"
  name = "github.com/pquerna/ffjson"
  packages = ["fflib/v1","fflib/v1/internal"]
  revision = "d49c2bc1aa135aad0c6f4fc2056623ec78f5d5ac"

[[projects]]
  name = "github.com/russross/blackfriday"
  packages = ["."]
  revision = "55d61fa8aa702f59229e6cff85793c22e580eaf5"
  version = "v1.5.1"

[[projects]]
  branch = "master"
  name = "github.com/samalba/dockerclient"
  packages = ["."]
  revision = "a3036261847103270e9f732509f43b5f98710ace"

[[projects]]
  name = "github.com/sirupsen/logrus"
  packages = ["."]
  revision = "d682213848ed68c0a260ca37d6dd5ace8423f5ba"
  version = "v1.0.4"

[[projects]]
  name = "github.com/spf13/afero"
  packages = [".","mem"]
  revision = "bb8f1927f2a9d3ab41c9340aa034f6b803f4359c"
  version = "v1.0.2"

[[projects]]
  name = "github.com/spf13/cast"
  packages = ["."]
  revision = "8965335b8c7107321228e3e3702cab9832751bac"
  version = "v1.2.0"

[[projects]]
  name = "github.com/spf13/cobra"
  packages = [".","doc"]
  revision = "e606913c4ee45fec232e67e70105fb6c866b95d9"

[[projects]]
  branch = "master"
  name = "github.com/spf13/jwalterweatherman"
  packages = ["."]
  revision = "7c0cea34c8ece3fbeb2b27ab9b59511d360fb394"

[[projects]]
  name = "github.com/spf13/pflag"
  packages = ["."]
  revision = "e57e3eeb33f795204c1ca35f56c44f83227c6e66"

[[projects]]
  name = "github.com/spf13/viper"
  packages = ["."]
  revision = "382f87b929b84ce13e9c8a375a4b217f224e6c65"

[[projects]]
  name = "github.com/stretchr/testify"
  packages = ["assert"]
  revision = "b91bfb9ebec76498946beb6af7c0230c7cc7ba6c"
  version = "v1.2.0"

[[projects]]
  name = "github.com/tchap/go-patricia"
  packages = ["patricia"]
  revision = "666120de432aea38ab06bd5c818f04f4129882c9"
  version = "v2.2.6"

[[projects]]
  name = "github.com/vbatts/tar-split"
  packages = ["archive/tar","tar/asm","tar/storage"]
  revision = "38ec4ddb06dedbea0a895c4848b248eb38af221b"
  version = "v0.10.2"

[[projects]]
  name = "golang.org/x/crypto"
  packages = ["cast5","curve25519","ed25519","ed25519/internal/edwards25519","openpgp","openpgp/armor","openpgp/elgamal","openpgp/errors","openpgp/packet","openpgp/s2k","ssh","ssh/terminal"]
  revision = "b080dc9a8c480b08e698fb1219160d598526310f"

[[projects]]
  branch = "master"
  name = "golang.org/x/net"
  packages = ["context","context/ctxhttp","http2","http2/hpack","idna","lex/httplex","proxy"]
  revision = "cbe0f9307d0156177f9dd5dc85da1a31abc5f2fb"

[[projects]]
  name = "golang.org/x/oauth2"
  packages = [".","internal"]
  revision = "442624c9ec9243441e83b374a9e22ac549b5c51d"

[[projects]]
  name = "golang.org/x/sys"
  packages = ["unix","windows","windows/registry"]
  revision = "43e60d72a8e2bd92ee98319ba9a384a0e9837c08"

[[projects]]
  name = "golang.org/x/text"
  packages = ["collate","collate/build","internal/colltab","internal/gen","internal/tag","internal/triegen","internal/ucd","language","secure/bidirule","transform","unicode/bidi","unicode/cldr","unicode/norm","unicode/rangetable"]
  revision = "f21a4dfb5e38f5895301dc265a8def02365cc3d0"
  version = "v0.3.0"

[[projects]]
  name = "google.golang.org/appengine"
  packages = ["internal","internal/base","internal/datastore","internal/log","internal/remote_api","internal/urlfetch","urlfetch"]
  revision = "150dc57a1b433e64154302bdc40b6bb8aefa313a"
  version = "v1.0.0"

[[projects]]
  name = "gopkg.in/cheggaaa/pb.v1"
  packages = ["."]
  revision = "b6229822fa186496fcbf34111237e7a9693c6971"
  version = "v1.0.13"

[[projects]]
  name = "gopkg.in/yaml.v2"
  packages = ["."]
  revision = "a3f3340b5840cee44f372bddb5880fcbc419b46a"

[[projects]]
  name = "k8s.io/client-go"
  packages = ["util/homedir"]
  revision = "78700dec6369ba22221b72770783300f143df150"
  version = "v6.0.0"

[solve-meta]
  analyzer-name = "dep"
  analyzer-version = 1
  inputs-digest = "56f18a532b86c7741de018c586555a7e21d193213d341c08dad3a3c296eaaa90"
  solver-name = "gps-cdcl"
  solver-version = 1
